<?xml version="1.0" encoding="utf-8"?>
<Project ToolsVersion="4.0" xmlns="http://schemas.microsoft.com/developer/msbuild/2003">
  <ItemGroup>
    <Filter Include="Headers">
      <UniqueIdentifier>{d70a247a-53c2-44e0-b1c4-90d9431b45fe}</UniqueIdentifier>
    </Filter>
    <Filter Include="Sources">
      <UniqueIdentifier>{c495f5fc-51bd-48d7-aad4-e92c3d496ac6}</UniqueIdentifier>
    </Filter>
    <Filter Include="Headers\Backend">
      <UniqueIdentifier>{34f84754-d6e5-4e63-86f5-973a80af066b}</UniqueIdentifier>
    </Filter>
    <Filter Include="Headers\External">
      <UniqueIdentifier>{aefe09bb-1b7e-4840-af55-5c3f98ac2bc7}</UniqueIdentifier>
    </Filter>
    <Filter Include="Sources\Backend">
      <UniqueIdentifier>{f20dbeec-5ea2-481c-b3a3-397bf77f097a}</UniqueIdentifier>
    </Filter>
    <Filter Include="Sources\External">
      <UniqueIdentifier>{d7f0aa77-38f3-4dab-a36c-0b30c38d0c65}</UniqueIdentifier>
    </Filter>
  </ItemGroup>
  <ItemGroup>
    <ClInclude Include="include\LuaBackend.h">
      <Filter>Headers\Backend</Filter>
    </ClInclude>
    <ClInclude Include="include\MemoryLib.h">
      <Filter>Headers\Backend</Filter>
    </ClInclude>
    <ClInclude Include="include\CRC.h">
      <Filter>Headers\External</Filter>
    </ClInclude>
    <ClInclude Include="include\DCInstance.h">
      <Filter>Headers\External</Filter>
    </ClInclude>
    <ClInclude Include="include\Operator32Lib.h">
      <Filter>Headers\Backend</Filter>
    </ClInclude>
    <ClInclude Include="include\ConsoleLib.h">
      <Filter>Headers\Backend</Filter>
    </ClInclude>
  </ItemGroup>
  <ItemGroup>
    <ClCompile Include="source\LuaBackend.cpp">
      <Filter>Sources\Backend</Filter>
    </ClCompile>
    <ClCompile Include="source\DCInstance.cpp">
      <Filter>Sources\External</Filter>
    </ClCompile>
  </ItemGroup>
</Project>